
Microsoft Visual Studio Solution File, Format Version 12.00
# Visual Studio Version 16
VisualStudioVersion = 16.0.30709.132
MinimumVisualStudioVersion = 10.0.40219.1
Project("{FAE04EC0-301F-11D3-BF4B-00C04F79EFBC}") = "Producer", "Producer\Producer.csproj", "{B71828BA-D900-45DD-B506-6F1A517C5FA3}"
EndProject
Project("{FAE04EC0-301F-11D3-BF4B-00C04F79EFBC}") = "Consumer", "Consumer\Consumer.csproj", "{76BAC4ED-0706-41E4-8DA7-71A121F9EC67}"
EndProject
Global
	GlobalSection(SolutionConfigurationPlatforms) = preSolution
		Debug|Any CPU = Debug|Any CPU
		Release|Any CPU = Release|Any CPU
	EndGlobalSection
	GlobalSection(ProjectConfigurationPlatforms) = postSolution
		{B71828BA-D900-45DD-B506-6F1A517C5FA3}.Debug|Any CPU.ActiveCfg = Debug|Any CPU
		{B71828BA-D900-45DD-B506-6F1A517C5FA3}.Debug|Any CPU.Build.0 = Debug|Any CPU
		{B71828BA-D900-45DD-B506-6F1A517C5FA3}.Release|Any CPU.ActiveCfg = Release|Any CPU
		{B71828BA-D900-45DD-B506-6F1A517C5FA3}.Release|Any CPU.Build.0 = Release|Any CPU
		{76BAC4ED-0706-41E4-8DA7-71A121F9EC67}.Debug|Any CPU.ActiveCfg = Debug|Any CPU
		{76BAC4ED-0706-41E4-8DA7-71A121F9EC67}.Debug|Any CPU.Build.0 = Debug|Any CPU
		{76BAC4ED-0706-41E4-8DA7-71A121F9EC67}.Release|Any CPU.ActiveCfg = Release|Any CPU
		{76BAC4ED-0706-41E4-8DA7-71A121F9EC67}.Release|Any CPU.Build.0 = Release|Any CPU
	EndGlobalSection
	GlobalSection(SolutionProperties) = preSolution
		HideSolutionNode = FALSE
	EndGlobalSection
	GlobalSection(ExtensibilityGlobals) = postSolution
		SolutionGuid = {652DCF9D-4E88-4893-948B-1D3EBE4267B2}
	EndGlobalSection
EndGlobal
